{
  "name": "hardware-info",
  "version": "1.0.0",
  "lockfileVersion": 3,
  "requires": true,
  "packages": {
    "": {
      "name": "hardware-info",
      "version": "1.0.0",
      "dependencies": {
        "systeminformation": "^5.23.5"
      }
    },
    "node_modules/systeminformation": {
      "version": "5.31.3",
      "resolved": "https://registry.npmjs.org/systeminformation/-/systeminformation-5.31.3.tgz",
      "integrity": "sha512-vX0eeI7oGIr79NLiJRWnK8SyxDjyiNOEanaQnHRNyb5ep8QcpD8QMDvrukdrxV4pV4AKjwUDfaypXnWHMC/65A==",
      "license": "MIT",
      "os": [
        "darwin",
        "linux",
        "win32",
        "freebsd",
        "openbsd",
        "netbsd",
        "sunos",
        "android"
      ],
      "bin": {
        "systeminformation": "lib/cli.js"
      },
      "engines": {
        "node": ">=8.0.0"
      },
      "funding": {
        "type": "Buy me a coffee",
        "url": "https://www.buymeacoffee.com/systeminfo"
      }
    }
  }
}
